PODS:
  - CocoaAsyncSocket (7.3.5)
  - PKJSONSocket (0.0.2):
    - CocoaAsyncSocket (~> 7.3.2)
  - ReactiveCocoa (11.0.0):
    - ReactiveSwift (~> 6.2)
  - ReactiveSwift (6.5.0)

DEPENDENCIES:
  - PKJSONSocket (from `https://github.com/kylefleming/PKJSONSocket.git`)
  - ReactiveCocoa (~> 11.0.0)
  - ReactiveSwift (~> 6.5.0)

SPEC REPOS:
  https://github.com/CocoaPods/Specs.git:
    - CocoaAsyncSocket
    - ReactiveCocoa
    - ReactiveSwift

EXTERNAL SOURCES:
  PKJSONSocket:
    :git: https://github.com/kylefleming/PKJSONSocket.git

CHECKOUT OPTIONS:
  PKJSONSocket:
    :commit: 7c0bc9bf9ac81296dd0109ed963313c08654ede5
    :git: https://github.com/kylefleming/PKJSONSocket.git

SPEC CHECKSUMS:
  CocoaAsyncSocket: 94c582a5bef4bb0f51b6ebf3e1b561d9091a68ba
  PKJSONSocket: 2e8d2d04bf01f2948e50cb92c13e581ce25b22b8
  ReactiveCocoa: 189fcea9c5af7e394dd8a4cfc1c6f77af9ff3598
  ReactiveSwift: 8d159904084e908856cde90b2e28823f3c7e485f

PODFILE CHECKSUM: 62cafed91d3cceb9cd4c663663b818f4ef161b90

COCOAPODS: 1.10.0
